
Microsoft Visual Studio Solution File, Format Version 12.00
# Visual Studio 15
VisualStudioVersion = 15.0.28307.1145
MinimumVisualStudioVersion = 10.0.40219.1
Project("{8BC9CEB8-8B4A-11D0-8D11-00A0C91BC942}") = "GenerateUI", "GenerateUI\GenerateUI.vcxproj", "{0BE3C1C0-CD9E-46C2-B7EE-0BB1B1A6CA81}"
EndProject
Project("{8BC9CEB8-8B4A-11D0-8D11-00A0C91BC942}") = "StructScan", "StructScan\StructScan.vcxproj", "{E362BAEF-C0CE-48E5-AD9E-1193EEFC08FF}"
EndProject
Project("{8BC9CEB8-8B4A-11D0-8D11-00A0C91BC942}") = "CloudPointDisplayQt", "CloudPointDisplayQt\CloudPointDisplayQt.vcxproj", "{1B5968A9-E26D-4DB0-AB82-D6E9041357D3}"
EndProject
Project("{8BC9CEB8-8B4A-11D0-8D11-00A0C91BC942}") = "CloudPointDisplayQtWidget", "CloudPointDisplayQtWidget\CloudPointDisplayQtWidget.vcxproj", "{3AD0B187-AB03-4BD1-A085-4ECE15AB144B}"
EndProject
Project("{8BC9CEB8-8B4A-11D0-8D11-00A0C91BC942}") = "AlgorithmTest", "AlgorithmTest\AlgorithmTest.vcxproj", "{E0E917F0-29B0-42F6-8221-2CFE8DE502FB}"
EndProject
Project("{8BC9CEB8-8B4A-11D0-8D11-00A0C91BC942}") = "Unwrapping", "Unwrapping\Unwrapping.vcxproj", "{92722987-E24F-4A75-BFA3-9728389BF489}"
EndProject
Project("{8BC9CEB8-8B4A-11D0-8D11-00A0C91BC942}") = "UnwrappingDCT", "UnwrappingDCT\UnwrappingDCT.vcxproj", "{567F48BC-8BFA-4C08-B98C-CAA99A1AA308}"
EndProject
Project("{8BC9CEB8-8B4A-11D0-8D11-00A0C91BC942}") = "UnwrapTimeTest", "UnwrapTimeTest\UnwrapTimeTest.vcxproj", "{1E792E27-3759-43F3-9607-440D043127DA}"
EndProject
Project("{8BC9CEB8-8B4A-11D0-8D11-00A0C91BC942}") = "FourTurnFourSteps", "FourTurnFourSteps\FourTurnFourSteps.vcxproj", "{63C49C5E-3542-494F-A965-D0604CA0F0F2}"
EndProject
Project("{8BC9CEB8-8B4A-11D0-8D11-00A0C91BC942}") = "ImportPCD", "ImportPCD\ImportPCD.vcxproj", "{977621E3-FAEA-43CF-AB77-AFFD693A7137}"
EndProject
Project("{8BC9CEB8-8B4A-11D0-8D11-00A0C91BC942}") = "FlexibleArray", "FlexibleArray\FlexibleArray.vcxproj", "{7F262AE1-9949-4DFC-9880-D18FA184AF7E}"
EndProject
Global
	GlobalSection(SolutionConfigurationPlatforms) = preSolution
		Debug|x64 = Debug|x64
		Debug|x86 = Debug|x86
		Release|x64 = Release|x64
		Release|x86 = Release|x86
	EndGlobalSection
	GlobalSection(ProjectConfigurationPlatforms) = postSolution
		{0BE3C1C0-CD9E-46C2-B7EE-0BB1B1A6CA81}.Debug|x64.ActiveCfg = Debug|x64
		{0BE3C1C0-CD9E-46C2-B7EE-0BB1B1A6CA81}.Debug|x64.Build.0 = Debug|x64
		{0BE3C1C0-CD9E-46C2-B7EE-0BB1B1A6CA81}.Debug|x86.ActiveCfg = Debug|x64
		{0BE3C1C0-CD9E-46C2-B7EE-0BB1B1A6CA81}.Release|x64.ActiveCfg = Release|x64
		{0BE3C1C0-CD9E-46C2-B7EE-0BB1B1A6CA81}.Release|x64.Build.0 = Release|x64
		{0BE3C1C0-CD9E-46C2-B7EE-0BB1B1A6CA81}.Release|x86.ActiveCfg = Release|x64
		{E362BAEF-C0CE-48E5-AD9E-1193EEFC08FF}.Debug|x64.ActiveCfg = Debug|x64
		{E362BAEF-C0CE-48E5-AD9E-1193EEFC08FF}.Debug|x64.Build.0 = Debug|x64
		{E362BAEF-C0CE-48E5-AD9E-1193EEFC08FF}.Debug|x86.ActiveCfg = Debug|x64
		{E362BAEF-C0CE-48E5-AD9E-1193EEFC08FF}.Release|x64.ActiveCfg = Release|x64
		{E362BAEF-C0CE-48E5-AD9E-1193EEFC08FF}.Release|x64.Build.0 = Release|x64
		{E362BAEF-C0CE-48E5-AD9E-1193EEFC08FF}.Release|x86.ActiveCfg = Release|x64
		{1B5968A9-E26D-4DB0-AB82-D6E9041357D3}.Debug|x64.ActiveCfg = Debug|x64
		{1B5968A9-E26D-4DB0-AB82-D6E9041357D3}.Debug|x64.Build.0 = Debug|x64
		{1B5968A9-E26D-4DB0-AB82-D6E9041357D3}.Debug|x86.ActiveCfg = Debug|x64
		{1B5968A9-E26D-4DB0-AB82-D6E9041357D3}.Release|x64.ActiveCfg = Release|x64
		{1B5968A9-E26D-4DB0-AB82-D6E9041357D3}.Release|x64.Build.0 = Release|x64
		{1B5968A9-E26D-4DB0-AB82-D6E9041357D3}.Release|x86.ActiveCfg = Release|x64
		{3AD0B187-AB03-4BD1-A085-4ECE15AB144B}.Debug|x64.ActiveCfg = Debug|x64
		{3AD0B187-AB03-4BD1-A085-4ECE15AB144B}.Debug|x64.Build.0 = Debug|x64
		{3AD0B187-AB03-4BD1-A085-4ECE15AB144B}.Debug|x86.ActiveCfg = Debug|x64
		{3AD0B187-AB03-4BD1-A085-4ECE15AB144B}.Release|x64.ActiveCfg = Release|x64
		{3AD0B187-AB03-4BD1-A085-4ECE15AB144B}.Release|x64.Build.0 = Release|x64
		{3AD0B187-AB03-4BD1-A085-4ECE15AB144B}.Release|x86.ActiveCfg = Release|x64
		{E0E917F0-29B0-42F6-8221-2CFE8DE502FB}.Debug|x64.ActiveCfg = Debug|x64
		{E0E917F0-29B0-42F6-8221-2CFE8DE502FB}.Debug|x64.Build.0 = Debug|x64
		{E0E917F0-29B0-42F6-8221-2CFE8DE502FB}.Debug|x86.ActiveCfg = Debug|Win32
		{E0E917F0-29B0-42F6-8221-2CFE8DE502FB}.Debug|x86.Build.0 = Debug|Win32
		{E0E917F0-29B0-42F6-8221-2CFE8DE502FB}.Release|x64.ActiveCfg = Release|x64
		{E0E917F0-29B0-42F6-8221-2CFE8DE502FB}.Release|x64.Build.0 = Release|x64
		{E0E917F0-29B0-42F6-8221-2CFE8DE502FB}.Release|x86.ActiveCfg = Release|Win32
		{E0E917F0-29B0-42F6-8221-2CFE8DE502FB}.Release|x86.Build.0 = Release|Win32
		{92722987-E24F-4A75-BFA3-9728389BF489}.Debug|x64.ActiveCfg = Debug|x64
		{92722987-E24F-4A75-BFA3-9728389BF489}.Debug|x64.Build.0 = Debug|x64
		{92722987-E24F-4A75-BFA3-9728389BF489}.Debug|x86.ActiveCfg = Debug|Win32
		{92722987-E24F-4A75-BFA3-9728389BF489}.Debug|x86.Build.0 = Debug|Win32
		{92722987-E24F-4A75-BFA3-9728389BF489}.Release|x64.ActiveCfg = Release|x64
		{92722987-E24F-4A75-BFA3-9728389BF489}.Release|x64.Build.0 = Release|x64
		{92722987-E24F-4A75-BFA3-9728389BF489}.Release|x86.ActiveCfg = Release|Win32
		{92722987-E24F-4A75-BFA3-9728389BF489}.Release|x86.Build.0 = Release|Win32
		{567F48BC-8BFA-4C08-B98C-CAA99A1AA308}.Debug|x64.ActiveCfg = Debug|x64
		{567F48BC-8BFA-4C08-B98C-CAA99A1AA308}.Debug|x64.Build.0 = Debug|x64
		{567F48BC-8BFA-4C08-B98C-CAA99A1AA308}.Debug|x86.ActiveCfg = Debug|Win32
		{567F48BC-8BFA-4C08-B98C-CAA99A1AA308}.Debug|x86.Build.0 = Debug|Win32
		{567F48BC-8BFA-4C08-B98C-CAA99A1AA308}.Release|x64.ActiveCfg = Release|x64
		{567F48BC-8BFA-4C08-B98C-CAA99A1AA308}.Release|x64.Build.0 = Release|x64
		{567F48BC-8BFA-4C08-B98C-CAA99A1AA308}.Release|x86.ActiveCfg = Release|Win32
		{567F48BC-8BFA-4C08-B98C-CAA99A1AA308}.Release|x86.Build.0 = Release|Win32
		{1E792E27-3759-43F3-9607-440D043127DA}.Debug|x64.ActiveCfg = Debug|x64
		{1E792E27-3759-43F3-9607-440D043127DA}.Debug|x64.Build.0 = Debug|x64
		{1E792E27-3759-43F3-9607-440D043127DA}.Debug|x86.ActiveCfg = Debug|Win32
		{1E792E27-3759-43F3-9607-440D043127DA}.Debug|x86.Build.0 = Debug|Win32
		{1E792E27-3759-43F3-9607-440D043127DA}.Release|x64.ActiveCfg = Release|x64
		{1E792E27-3759-43F3-9607-440D043127DA}.Release|x64.Build.0 = Release|x64
		{1E792E27-3759-43F3-9607-440D043127DA}.Release|x86.ActiveCfg = Release|Win32
		{1E792E27-3759-43F3-9607-440D043127DA}.Release|x86.Build.0 = Release|Win32
		{63C49C5E-3542-494F-A965-D0604CA0F0F2}.Debug|x64.ActiveCfg = Debug|x64
		{63C49C5E-3542-494F-A965-D0604CA0F0F2}.Debug|x64.Build.0 = Debug|x64
		{63C49C5E-3542-494F-A965-D0604CA0F0F2}.Debug|x86.ActiveCfg = Debug|Win32
		{63C49C5E-3542-494F-A965-D0604CA0F0F2}.Debug|x86.Build.0 = Debug|Win32
		{63C49C5E-3542-494F-A965-D0604CA0F0F2}.Release|x64.ActiveCfg = Release|x64
		{63C49C5E-3542-494F-A965-D0604CA0F0F2}.Release|x64.Build.0 = Release|x64
		{63C49C5E-3542-494F-A965-D0604CA0F0F2}.Release|x86.ActiveCfg = Release|Win32
		{63C49C5E-3542-494F-A965-D0604CA0F0F2}.Release|x86.Build.0 = Release|Win32
		{977621E3-FAEA-43CF-AB77-AFFD693A7137}.Debug|x64.ActiveCfg = Debug|x64
		{977621E3-FAEA-43CF-AB77-AFFD693A7137}.Debug|x64.Build.0 = Debug|x64
		{977621E3-FAEA-43CF-AB77-AFFD693A7137}.Debug|x86.ActiveCfg = Debug|Win32
		{977621E3-FAEA-43CF-AB77-AFFD693A7137}.Debug|x86.Build.0 = Debug|Win32
		{977621E3-FAEA-43CF-AB77-AFFD693A7137}.Release|x64.ActiveCfg = Release|x64
		{977621E3-FAEA-43CF-AB77-AFFD693A7137}.Release|x64.Build.0 = Release|x64
		{977621E3-FAEA-43CF-AB77-AFFD693A7137}.Release|x86.ActiveCfg = Release|Win32
		{977621E3-FAEA-43CF-AB77-AFFD693A7137}.Release|x86.Build.0 = Release|Win32
		{7F262AE1-9949-4DFC-9880-D18FA184AF7E}.Debug|x64.ActiveCfg = Debug|x64
		{7F262AE1-9949-4DFC-9880-D18FA184AF7E}.Debug|x64.Build.0 = Debug|x64
		{7F262AE1-9949-4DFC-9880-D18FA184AF7E}.Debug|x86.ActiveCfg = Debug|x64
		{7F262AE1-9949-4DFC-9880-D18FA184AF7E}.Release|x64.ActiveCfg = Release|x64
		{7F262AE1-9949-4DFC-9880-D18FA184AF7E}.Release|x64.Build.0 = Release|x64
		{7F262AE1-9949-4DFC-9880-D18FA184AF7E}.Release|x86.ActiveCfg = Release|x64
	EndGlobalSection
	GlobalSection(SolutionProperties) = preSolution
		HideSolutionNode = FALSE
	EndGlobalSection
	GlobalSection(ExtensibilityGlobals) = postSolution
		SolutionGuid = {453E6682-C6F8-4C30-950B-712DE102C841}
	EndGlobalSection
EndGlobal
