<?xml version="1.0" encoding="utf-8"?>
<Project ToolsVersion="4.0" xmlns="http://schemas.microsoft.com/developer/msbuild/2003">
  <ItemGroup>
    <ClCompile Include="CCalibrationWnd.cpp">
      <Filter>Source Files</Filter>
    </ClCompile>
    <ClCompile Include="CImageWnd.cpp">
      <Filter>Source Files</Filter>
    </ClCompile>
    <ClCompile Include="CPlotWnd.cpp">
      <Filter>Source Files</Filter>
    </ClCompile>
    <ClCompile Include="CRoi.cpp">
      <Filter>Source Files</Filter>
    </ClCompile>
    <ClCompile Include="main.cpp">
      <Filter>Source Files</Filter>
    </ClCompile>
    <ClCompile Include="StructScan.cpp">
      <Filter>Source Files</Filter>
    </ClCompile>
    <ClCompile Include="CPointCloudWnd.cpp">
      <Filter>Source Files</Filter>
    </ClCompile>
  </ItemGroup>
  <ItemGroup>
    <ClInclude Include="resource.h">
      <Filter>Header Files</Filter>
    </ClInclude>
    <ClInclude Include="resource1.h">
      <Filter>Header Files</Filter>
    </ClInclude>
  </ItemGroup>
  <ItemGroup>
    <QtMoc Include="CCalibrationWnd.h">
      <Filter>Header Files</Filter>
    </QtMoc>
    <QtMoc Include="CImageWnd.h">
      <Filter>Header Files</Filter>
    </QtMoc>
    <QtMoc Include="CPlotWnd.h">
      <Filter>Header Files</Filter>
    </QtMoc>
    <QtMoc Include="CRoi.h">
      <Filter>Header Files</Filter>
    </QtMoc>
    <QtMoc Include="StructScan.h">
      <Filter>Header Files</Filter>
    </QtMoc>
    <QtMoc Include="CPointCloudWnd.h">
      <Filter>Header Files</Filter>
    </QtMoc>
  </ItemGroup>
  <ItemGroup>
    <QtUic Include="CalibrationWnd.ui">
      <Filter>Form Files</Filter>
    </QtUic>
    <QtUic Include="ImageWnd.ui">
      <Filter>Form Files</Filter>
    </QtUic>
    <QtUic Include="PlotWnd.ui">
      <Filter>Form Files</Filter>
    </QtUic>
    <QtUic Include="Roi.ui">
      <Filter>Form Files</Filter>
    </QtUic>
    <QtUic Include="StructScan.ui">
      <Filter>Form Files</Filter>
    </QtUic>
    <QtUic Include="CPointCloudWnd.ui">
      <Filter>Form Files</Filter>
    </QtUic>
  </ItemGroup>
  <ItemGroup>
    <Filter Include="Form Files">
      <UniqueIdentifier>{99349809-55BA-4b9d-BF79-8FDBB0286EB3}</UniqueIdentifier>
      <Extensions>ui</Extensions>
      <ParseFiles>true</ParseFiles>
    </Filter>
    <Filter Include="Header Files">
      <UniqueIdentifier>{93995380-89BD-4b04-88EB-625FBE52EBFB}</UniqueIdentifier>
      <Extensions>h;hh;hpp;hxx;hm;inl;inc;xsd</Extensions>
      <ParseFiles>true</ParseFiles>
    </Filter>
    <Filter Include="Resource Files">
      <UniqueIdentifier>{311439c4-9b05-485b-b071-b369b2b5a9c6}</UniqueIdentifier>
    </Filter>
    <Filter Include="Source Files">
      <UniqueIdentifier>{4FC737F1-C7A5-4376-A066-2A32D752A2FF}</UniqueIdentifier>
      <Extensions>cpp;c;cc;cxx;def;odl;idl;hpj;bat;asm;asmx</Extensions>
      <ParseFiles>true</ParseFiles>
    </Filter>
  </ItemGroup>
  <ItemGroup>
    <Image Include="s_logo.ico">
      <Filter>Resource Files</Filter>
    </Image>
  </ItemGroup>
  <ItemGroup>
    <QtRcc Include="StructScan.qrc">
      <Filter>Resource Files</Filter>
    </QtRcc>
  </ItemGroup>
  <ItemGroup>
    <ResourceCompile Include="StructScan.rc">
      <Filter>Resource Files</Filter>
    </ResourceCompile>
  </ItemGroup>
</Project>